
Microsoft Visual Studio Solution File, Format Version 12.00
# Visual Studio Version 16
VisualStudioVersion = 16.0.29613.14
MinimumVisualStudioVersion = 10.0.40219.1
Project("{FAE04EC0-301F-11D3-BF4B-00C04F79EFBC}") = "BiliBili-UWP", "BiliBili-UWP\BiliBili-UWP.csproj", "{D28436EE-D2A2-47E7-885F-81F0C38680F5}"
EndProject
Project("{FAE04EC0-301F-11D3-BF4B-00C04F79EFBC}") = "BiliBili-Lib", "BiliBili-Lib\BiliBili-Lib.csproj", "{AB5DE69B-42E0-4CEE-81AF-6AB8EE64BF2E}"
EndProject
Project("{FAE04EC0-301F-11D3-BF4B-00C04F79EFBC}") = "BiliBili-Notification", "BiliBili-Notification\BiliBili-Notification.csproj", "{8D373CB3-E4FD-474E-AEB6-F3C7C8813680}"
EndProject
Project("{FAE04EC0-301F-11D3-BF4B-00C04F79EFBC}") = "BiliBili-Controls", "BiliBili-Controls\BiliBili-Controls.csproj", "{6C6EECB8-F158-4A68-BF22-A5CD7309928E}"
EndProject
Global
	GlobalSection(SolutionConfigurationPlatforms) = preSolution
		Debug|Any CPU = Debug|Any CPU
		Debug|ARM = Debug|ARM
		Debug|ARM64 = Debug|ARM64
		Debug|x64 = Debug|x64
		Debug|x86 = Debug|x86
		Release|Any CPU = Release|Any CPU
		Release|ARM = Release|ARM
		Release|ARM64 = Release|ARM64
		Release|x64 = Release|x64
		Release|x86 = Release|x86
	EndGlobalSection
	GlobalSection(ProjectConfigurationPlatforms) = postSolution
		{D28436EE-D2A2-47E7-885F-81F0C38680F5}.Debug|Any CPU.ActiveCfg = Debug|x86
		{D28436EE-D2A2-47E7-885F-81F0C38680F5}.Debug|ARM.ActiveCfg = Debug|ARM
		{D28436EE-D2A2-47E7-885F-81F0C38680F5}.Debug|ARM.Build.0 = Debug|ARM
		{D28436EE-D2A2-47E7-885F-81F0C38680F5}.Debug|ARM.Deploy.0 = Debug|ARM
		{D28436EE-D2A2-47E7-885F-81F0C38680F5}.Debug|ARM64.ActiveCfg = Debug|ARM64
		{D28436EE-D2A2-47E7-885F-81F0C38680F5}.Debug|ARM64.Build.0 = Debug|ARM64
		{D28436EE-D2A2-47E7-885F-81F0C38680F5}.Debug|ARM64.Deploy.0 = Debug|ARM64
		{D28436EE-D2A2-47E7-885F-81F0C38680F5}.Debug|x64.ActiveCfg = Debug|x64
		{D28436EE-D2A2-47E7-885F-81F0C38680F5}.Debug|x64.Build.0 = Debug|x64
		{D28436EE-D2A2-47E7-885F-81F0C38680F5}.Debug|x64.Deploy.0 = Debug|x64
		{D28436EE-D2A2-47E7-885F-81F0C38680F5}.Debug|x86.ActiveCfg = Debug|x86
		{D28436EE-D2A2-47E7-885F-81F0C38680F5}.Debug|x86.Build.0 = Debug|x86
		{D28436EE-D2A2-47E7-885F-81F0C38680F5}.Debug|x86.Deploy.0 = Debug|x86
		{D28436EE-D2A2-47E7-885F-81F0C38680F5}.Release|Any CPU.ActiveCfg = Release|x86
		{D28436EE-D2A2-47E7-885F-81F0C38680F5}.Release|ARM.ActiveCfg = Release|ARM
		{D28436EE-D2A2-47E7-885F-81F0C38680F5}.Release|ARM.Build.0 = Release|ARM
		{D28436EE-D2A2-47E7-885F-81F0C38680F5}.Release|ARM.Deploy.0 = Release|ARM
		{D28436EE-D2A2-47E7-885F-81F0C38680F5}.Release|ARM64.ActiveCfg = Release|ARM64
		{D28436EE-D2A2-47E7-885F-81F0C38680F5}.Release|ARM64.Build.0 = Release|ARM64
		{D28436EE-D2A2-47E7-885F-81F0C38680F5}.Release|ARM64.Deploy.0 = Release|ARM64
		{D28436EE-D2A2-47E7-885F-81F0C38680F5}.Release|x64.ActiveCfg = Release|x64
		{D28436EE-D2A2-47E7-885F-81F0C38680F5}.Release|x64.Build.0 = Release|x64
		{D28436EE-D2A2-47E7-885F-81F0C38680F5}.Release|x64.Deploy.0 = Release|x64
		{D28436EE-D2A2-47E7-885F-81F0C38680F5}.Release|x86.ActiveCfg = Release|x86
		{D28436EE-D2A2-47E7-885F-81F0C38680F5}.Release|x86.Build.0 = Release|x86
		{D28436EE-D2A2-47E7-885F-81F0C38680F5}.Release|x86.Deploy.0 = Release|x86
		{AB5DE69B-42E0-4CEE-81AF-6AB8EE64BF2E}.Debug|Any CPU.ActiveCfg = Debug|Any CPU
		{AB5DE69B-42E0-4CEE-81AF-6AB8EE64BF2E}.Debug|Any CPU.Build.0 = Debug|Any CPU
		{AB5DE69B-42E0-4CEE-81AF-6AB8EE64BF2E}.Debug|ARM.ActiveCfg = Debug|ARM
		{AB5DE69B-42E0-4CEE-81AF-6AB8EE64BF2E}.Debug|ARM.Build.0 = Debug|ARM
		{AB5DE69B-42E0-4CEE-81AF-6AB8EE64BF2E}.Debug|ARM64.ActiveCfg = Debug|ARM64
		{AB5DE69B-42E0-4CEE-81AF-6AB8EE64BF2E}.Debug|ARM64.Build.0 = Debug|ARM64
		{AB5DE69B-42E0-4CEE-81AF-6AB8EE64BF2E}.Debug|x64.ActiveCfg = Debug|x64
		{AB5DE69B-42E0-4CEE-81AF-6AB8EE64BF2E}.Debug|x64.Build.0 = Debug|x64
		{AB5DE69B-42E0-4CEE-81AF-6AB8EE64BF2E}.Debug|x86.ActiveCfg = Debug|x86
		{AB5DE69B-42E0-4CEE-81AF-6AB8EE64BF2E}.Debug|x86.Build.0 = Debug|x86
		{AB5DE69B-42E0-4CEE-81AF-6AB8EE64BF2E}.Release|Any CPU.ActiveCfg = Release|Any CPU
		{AB5DE69B-42E0-4CEE-81AF-6AB8EE64BF2E}.Release|Any CPU.Build.0 = Release|Any CPU
		{AB5DE69B-42E0-4CEE-81AF-6AB8EE64BF2E}.Release|ARM.ActiveCfg = Release|ARM
		{AB5DE69B-42E0-4CEE-81AF-6AB8EE64BF2E}.Release|ARM.Build.0 = Release|ARM
		{AB5DE69B-42E0-4CEE-81AF-6AB8EE64BF2E}.Release|ARM64.ActiveCfg = Release|ARM64
		{AB5DE69B-42E0-4CEE-81AF-6AB8EE64BF2E}.Release|ARM64.Build.0 = Release|ARM64
		{AB5DE69B-42E0-4CEE-81AF-6AB8EE64BF2E}.Release|x64.ActiveCfg = Release|x64
		{AB5DE69B-42E0-4CEE-81AF-6AB8EE64BF2E}.Release|x64.Build.0 = Release|x64
		{AB5DE69B-42E0-4CEE-81AF-6AB8EE64BF2E}.Release|x86.ActiveCfg = Release|x86
		{AB5DE69B-42E0-4CEE-81AF-6AB8EE64BF2E}.Release|x86.Build.0 = Release|x86
		{8D373CB3-E4FD-474E-AEB6-F3C7C8813680}.Debug|Any CPU.ActiveCfg = Debug|Any CPU
		{8D373CB3-E4FD-474E-AEB6-F3C7C8813680}.Debug|Any CPU.Build.0 = Debug|Any CPU
		{8D373CB3-E4FD-474E-AEB6-F3C7C8813680}.Debug|ARM.ActiveCfg = Debug|ARM
		{8D373CB3-E4FD-474E-AEB6-F3C7C8813680}.Debug|ARM.Build.0 = Debug|ARM
		{8D373CB3-E4FD-474E-AEB6-F3C7C8813680}.Debug|ARM64.ActiveCfg = Debug|ARM64
		{8D373CB3-E4FD-474E-AEB6-F3C7C8813680}.Debug|ARM64.Build.0 = Debug|ARM64
		{8D373CB3-E4FD-474E-AEB6-F3C7C8813680}.Debug|x64.ActiveCfg = Debug|x64
		{8D373CB3-E4FD-474E-AEB6-F3C7C8813680}.Debug|x64.Build.0 = Debug|x64
		{8D373CB3-E4FD-474E-AEB6-F3C7C8813680}.Debug|x86.ActiveCfg = Debug|x86
		{8D373CB3-E4FD-474E-AEB6-F3C7C8813680}.Debug|x86.Build.0 = Debug|x86
		{8D373CB3-E4FD-474E-AEB6-F3C7C8813680}.Release|Any CPU.ActiveCfg = Release|Any CPU
		{8D373CB3-E4FD-474E-AEB6-F3C7C8813680}.Release|Any CPU.Build.0 = Release|Any CPU
		{8D373CB3-E4FD-474E-AEB6-F3C7C8813680}.Release|ARM.ActiveCfg = Release|ARM
		{8D373CB3-E4FD-474E-AEB6-F3C7C8813680}.Release|ARM.Build.0 = Release|ARM
		{8D373CB3-E4FD-474E-AEB6-F3C7C8813680}.Release|ARM64.ActiveCfg = Release|ARM64
		{8D373CB3-E4FD-474E-AEB6-F3C7C8813680}.Release|ARM64.Build.0 = Release|ARM64
		{8D373CB3-E4FD-474E-AEB6-F3C7C8813680}.Release|x64.ActiveCfg = Release|x64
		{8D373CB3-E4FD-474E-AEB6-F3C7C8813680}.Release|x64.Build.0 = Release|x64
		{8D373CB3-E4FD-474E-AEB6-F3C7C8813680}.Release|x86.ActiveCfg = Release|x86
		{8D373CB3-E4FD-474E-AEB6-F3C7C8813680}.Release|x86.Build.0 = Release|x86
		{6C6EECB8-F158-4A68-BF22-A5CD7309928E}.Debug|Any CPU.ActiveCfg = Debug|Any CPU
		{6C6EECB8-F158-4A68-BF22-A5CD7309928E}.Debug|Any CPU.Build.0 = Debug|Any CPU
		{6C6EECB8-F158-4A68-BF22-A5CD7309928E}.Debug|ARM.ActiveCfg = Debug|ARM
		{6C6EECB8-F158-4A68-BF22-A5CD7309928E}.Debug|ARM.Build.0 = Debug|ARM
		{6C6EECB8-F158-4A68-BF22-A5CD7309928E}.Debug|ARM64.ActiveCfg = Debug|ARM64
		{6C6EECB8-F158-4A68-BF22-A5CD7309928E}.Debug|ARM64.Build.0 = Debug|ARM64
		{6C6EECB8-F158-4A68-BF22-A5CD7309928E}.Debug|x64.ActiveCfg = Debug|x64
		{6C6EECB8-F158-4A68-BF22-A5CD7309928E}.Debug|x64.Build.0 = Debug|x64
		{6C6EECB8-F158-4A68-BF22-A5CD7309928E}.Debug|x86.ActiveCfg = Debug|x86
		{6C6EECB8-F158-4A68-BF22-A5CD7309928E}.Debug|x86.Build.0 = Debug|x86
		{6C6EECB8-F158-4A68-BF22-A5CD7309928E}.Release|Any CPU.ActiveCfg = Release|Any CPU
		{6C6EECB8-F158-4A68-BF22-A5CD7309928E}.Release|Any CPU.Build.0 = Release|Any CPU
		{6C6EECB8-F158-4A68-BF22-A5CD7309928E}.Release|ARM.ActiveCfg = Release|ARM
		{6C6EECB8-F158-4A68-BF22-A5CD7309928E}.Release|ARM.Build.0 = Release|ARM
		{6C6EECB8-F158-4A68-BF22-A5CD7309928E}.Release|ARM64.ActiveCfg = Release|ARM64
		{6C6EECB8-F158-4A68-BF22-A5CD7309928E}.Release|ARM64.Build.0 = Release|ARM64
		{6C6EECB8-F158-4A68-BF22-A5CD7309928E}.Release|x64.ActiveCfg = Release|x64
		{6C6EECB8-F158-4A68-BF22-A5CD7309928E}.Release|x64.Build.0 = Release|x64
		{6C6EECB8-F158-4A68-BF22-A5CD7309928E}.Release|x86.ActiveCfg = Release|x86
		{6C6EECB8-F158-4A68-BF22-A5CD7309928E}.Release|x86.Build.0 = Release|x86
	EndGlobalSection
	GlobalSection(SolutionProperties) = preSolution
		HideSolutionNode = FALSE
	EndGlobalSection
	GlobalSection(ExtensibilityGlobals) = postSolution
		SolutionGuid = {903EDE1E-37B1-4B9B-9843-4921963F8A14}
	EndGlobalSection
EndGlobal
